
Microsoft Visual Studio Solution File, Format Version 12.00
# Visual Studio Version 16
VisualStudioVersion = 16.0.31321.278
MinimumVisualStudioVersion = 10.0.40219.1
Project("{9A19103F-16F7-4668-BE54-9A1E7A4F7556}") = "bis-file-formats", "bis-file-formats\bis-file-formats.csproj", "{4CB31AF5-DD6D-4547-BAEF-092AB3D06CCD}"
EndProject
Project("{FAE04EC0-301F-11D3-BF4B-00C04F79EFBC}") = "WrpUtil", "WrpUtil\WrpUtil.csproj", "{184D5A1E-8A5A-4E15-AF39-19EBB72C80BC}"
EndProject
Global
	GlobalSection(SolutionConfigurationPlatforms) = preSolution
		Debug|Any CPU = Debug|Any CPU
		Release|Any CPU = Release|Any CPU
	EndGlobalSection
	GlobalSection(ProjectConfigurationPlatforms) = postSolution
		{4CB31AF5-DD6D-4547-BAEF-092AB3D06CCD}.Debug|Any CPU.ActiveCfg = Debug|Any CPU
		{4CB31AF5-DD6D-4547-BAEF-092AB3D06CCD}.Debug|Any CPU.Build.0 = Debug|Any CPU
		{4CB31AF5-DD6D-4547-BAEF-092AB3D06CCD}.Release|Any CPU.ActiveCfg = Release|Any CPU
		{4CB31AF5-DD6D-4547-BAEF-092AB3D06CCD}.Release|Any CPU.Build.0 = Release|Any CPU
		{184D5A1E-8A5A-4E15-AF39-19EBB72C80BC}.Debug|Any CPU.ActiveCfg = Debug|Any CPU
		{184D5A1E-8A5A-4E15-AF39-19EBB72C80BC}.Debug|Any CPU.Build.0 = Debug|Any CPU
		{184D5A1E-8A5A-4E15-AF39-19EBB72C80BC}.Release|Any CPU.ActiveCfg = Release|Any CPU
		{184D5A1E-8A5A-4E15-AF39-19EBB72C80BC}.Release|Any CPU.Build.0 = Release|Any CPU
	EndGlobalSection
	GlobalSection(SolutionProperties) = preSolution
		HideSolutionNode = FALSE
	EndGlobalSection
	GlobalSection(ExtensibilityGlobals) = postSolution
		SolutionGuid = {CF9BC82F-3E0E-4D8D-96DC-11EFC3AF4035}
	EndGlobalSection
EndGlobal
