
Microsoft Visual Studio Solution File, Format Version 12.00
# Visual Studio Version 16
VisualStudioVersion = 16.0.31321.278
MinimumVisualStudioVersion = 10.0.40219.1
Project("{9A19103F-16F7-4668-BE54-9A1E7A4F7556}") = "WrpUtil", "WrpUtil\WrpUtil.csproj", "{184D5A1E-8A5A-4E15-AF39-19EBB72C80BC}"
EndProject
Project("{9A19103F-16F7-4668-BE54-9A1E7A4F7556}") = "PAA2PNG", "PAA2PNG\PAA2PNG.csproj", "{AA61F860-E10E-4B5C-9AC0-EA92E58F2864}"
EndProject
Project("{9A19103F-16F7-4668-BE54-9A1E7A4F7556}") = "BIS.ALB", "..\BIS.ALB\BIS.ALB.csproj", "{8D1B5008-1084-43F8-9E45-AF7894ECA64C}"
EndProject
Project("{9A19103F-16F7-4668-BE54-9A1E7A4F7556}") = "BIS.Core", "..\BIS.Core\BIS.Core.csproj", "{B877F60B-0E26-4572-9E6A-6C9E67C5F8D7}"
EndProject
Project("{9A19103F-16F7-4668-BE54-9A1E7A4F7556}") = "BIS.P3D", "..\BIS.P3D\BIS.P3D.csproj", "{842AB5B1-28EF-476C-88FC-DD26EF6DBD4F}"
EndProject
Project("{9A19103F-16F7-4668-BE54-9A1E7A4F7556}") = "BIS.PAA", "..\BIS.PAA\BIS.PAA.csproj", "{9399460C-6D54-4C03-A4DE-1E398A9A007E}"
EndProject
Project("{9A19103F-16F7-4668-BE54-9A1E7A4F7556}") = "BIS.PBO", "..\BIS.PBO\BIS.PBO.csproj", "{500A441F-1736-4FE1-AAE0-0DE1F52A30FB}"
EndProject
Project("{9A19103F-16F7-4668-BE54-9A1E7A4F7556}") = "BIS.RTM", "..\BIS.RTM\BIS.RTM.csproj", "{B8B2BF3E-CCB4-441C-B4A1-2036090AFF9E}"
EndProject
Project("{9A19103F-16F7-4668-BE54-9A1E7A4F7556}") = "BIS.WRP", "..\BIS.WRP\BIS.WRP.csproj", "{2B43DF8A-8D46-45FE-AD10-63AF88E0B570}"
EndProject
Global
	GlobalSection(SolutionConfigurationPlatforms) = preSolution
		Debug|Any CPU = Debug|Any CPU
		Release|Any CPU = Release|Any CPU
	EndGlobalSection
	GlobalSection(ProjectConfigurationPlatforms) = postSolution
		{184D5A1E-8A5A-4E15-AF39-19EBB72C80BC}.Debug|Any CPU.ActiveCfg = Debug|Any CPU
		{184D5A1E-8A5A-4E15-AF39-19EBB72C80BC}.Debug|Any CPU.Build.0 = Debug|Any CPU
		{184D5A1E-8A5A-4E15-AF39-19EBB72C80BC}.Release|Any CPU.ActiveCfg = Release|Any CPU
		{184D5A1E-8A5A-4E15-AF39-19EBB72C80BC}.Release|Any CPU.Build.0 = Release|Any CPU
		{AA61F860-E10E-4B5C-9AC0-EA92E58F2864}.Debug|Any CPU.ActiveCfg = Debug|Any CPU
		{AA61F860-E10E-4B5C-9AC0-EA92E58F2864}.Debug|Any CPU.Build.0 = Debug|Any CPU
		{AA61F860-E10E-4B5C-9AC0-EA92E58F2864}.Release|Any CPU.ActiveCfg = Release|Any CPU
		{AA61F860-E10E-4B5C-9AC0-EA92E58F2864}.Release|Any CPU.Build.0 = Release|Any CPU
		{8D1B5008-1084-43F8-9E45-AF7894ECA64C}.Debug|Any CPU.ActiveCfg = Debug|Any CPU
		{8D1B5008-1084-43F8-9E45-AF7894ECA64C}.Debug|Any CPU.Build.0 = Debug|Any CPU
		{8D1B5008-1084-43F8-9E45-AF7894ECA64C}.Release|Any CPU.ActiveCfg = Release|Any CPU
		{8D1B5008-1084-43F8-9E45-AF7894ECA64C}.Release|Any CPU.Build.0 = Release|Any CPU
		{B877F60B-0E26-4572-9E6A-6C9E67C5F8D7}.Debug|Any CPU.ActiveCfg = Debug|Any CPU
		{B877F60B-0E26-4572-9E6A-6C9E67C5F8D7}.Debug|Any CPU.Build.0 = Debug|Any CPU
		{B877F60B-0E26-4572-9E6A-6C9E67C5F8D7}.Release|Any CPU.ActiveCfg = Release|Any CPU
		{B877F60B-0E26-4572-9E6A-6C9E67C5F8D7}.Release|Any CPU.Build.0 = Release|Any CPU
		{842AB5B1-28EF-476C-88FC-DD26EF6DBD4F}.Debug|Any CPU.ActiveCfg = Debug|Any CPU
		{842AB5B1-28EF-476C-88FC-DD26EF6DBD4F}.Debug|Any CPU.Build.0 = Debug|Any CPU
		{842AB5B1-28EF-476C-88FC-DD26EF6DBD4F}.Release|Any CPU.ActiveCfg = Release|Any CPU
		{842AB5B1-28EF-476C-88FC-DD26EF6DBD4F}.Release|Any CPU.Build.0 = Release|Any CPU
		{9399460C-6D54-4C03-A4DE-1E398A9A007E}.Debug|Any CPU.ActiveCfg = Debug|Any CPU
		{9399460C-6D54-4C03-A4DE-1E398A9A007E}.Debug|Any CPU.Build.0 = Debug|Any CPU
		{9399460C-6D54-4C03-A4DE-1E398A9A007E}.Release|Any CPU.ActiveCfg = Release|Any CPU
		{9399460C-6D54-4C03-A4DE-1E398A9A007E}.Release|Any CPU.Build.0 = Release|Any CPU
		{500A441F-1736-4FE1-AAE0-0DE1F52A30FB}.Debug|Any CPU.ActiveCfg = Debug|Any CPU
		{500A441F-1736-4FE1-AAE0-0DE1F52A30FB}.Debug|Any CPU.Build.0 = Debug|Any CPU
		{500A441F-1736-4FE1-AAE0-0DE1F52A30FB}.Release|Any CPU.ActiveCfg = Release|Any CPU
		{500A441F-1736-4FE1-AAE0-0DE1F52A30FB}.Release|Any CPU.Build.0 = Release|Any CPU
		{B8B2BF3E-CCB4-441C-B4A1-2036090AFF9E}.Debug|Any CPU.ActiveCfg = Debug|Any CPU
		{B8B2BF3E-CCB4-441C-B4A1-2036090AFF9E}.Debug|Any CPU.Build.0 = Debug|Any CPU
		{B8B2BF3E-CCB4-441C-B4A1-2036090AFF9E}.Release|Any CPU.ActiveCfg = Release|Any CPU
		{B8B2BF3E-CCB4-441C-B4A1-2036090AFF9E}.Release|Any CPU.Build.0 = Release|Any CPU
		{2B43DF8A-8D46-45FE-AD10-63AF88E0B570}.Debug|Any CPU.ActiveCfg = Debug|Any CPU
		{2B43DF8A-8D46-45FE-AD10-63AF88E0B570}.Debug|Any CPU.Build.0 = Debug|Any CPU
		{2B43DF8A-8D46-45FE-AD10-63AF88E0B570}.Release|Any CPU.ActiveCfg = Release|Any CPU
		{2B43DF8A-8D46-45FE-AD10-63AF88E0B570}.Release|Any CPU.Build.0 = Release|Any CPU
	EndGlobalSection
	GlobalSection(SolutionProperties) = preSolution
		HideSolutionNode = FALSE
	EndGlobalSection
	GlobalSection(ExtensibilityGlobals) = postSolution
		SolutionGuid = {CF9BC82F-3E0E-4D8D-96DC-11EFC3AF4035}
	EndGlobalSection
EndGlobal
